
Microsoft Visual Studio Solution File, Format Version 12.00
# Visual Studio 14
VisualStudioVersion = 14.0.25420.1
MinimumVisualStudioVersion = 10.0.40219.1
Project("{FAE04EC0-301F-11D3-BF4B-00C04F79EFBC}") = "AntiRE.Runtime", "AntiRE.Runtime\AntiRE.Runtime.csproj", "{FEF82666-3358-42E1-9BBB-E0DC4028EF1D}"
EndProject
Project("{FAE04EC0-301F-11D3-BF4B-00C04F79EFBC}") = "AntiRe.Example", "AntiRe.Example\AntiRe.Example.csproj", "{C098818B-1D17-43E7-B066-A1097195997D}"
EndProject
Global
	GlobalSection(SolutionConfigurationPlatforms) = preSolution
		Debug|Any CPU = Debug|Any CPU
		Release|Any CPU = Release|Any CPU
	EndGlobalSection
	GlobalSection(ProjectConfigurationPlatforms) = postSolution
		{FEF82666-3358-42E1-9BBB-E0DC4028EF1D}.Debug|Any CPU.ActiveCfg = Debug|Any CPU
		{FEF82666-3358-42E1-9BBB-E0DC4028EF1D}.Debug|Any CPU.Build.0 = Debug|Any CPU
		{FEF82666-3358-42E1-9BBB-E0DC4028EF1D}.Release|Any CPU.ActiveCfg = Release|Any CPU
		{FEF82666-3358-42E1-9BBB-E0DC4028EF1D}.Release|Any CPU.Build.0 = Release|Any CPU
		{C098818B-1D17-43E7-B066-A1097195997D}.Debug|Any CPU.ActiveCfg = Debug|Any CPU
		{C098818B-1D17-43E7-B066-A1097195997D}.Debug|Any CPU.Build.0 = Debug|Any CPU
		{C098818B-1D17-43E7-B066-A1097195997D}.Release|Any CPU.ActiveCfg = Release|Any CPU
		{C098818B-1D17-43E7-B066-A1097195997D}.Release|Any CPU.Build.0 = Release|Any CPU
	EndGlobalSection
	GlobalSection(SolutionProperties) = preSolution
		HideSolutionNode = FALSE
	EndGlobalSection
EndGlobal
